// !$*UTF8*$!
{
	archiveVersion = 1;
	classes = {
	};
	objectVersion = 56;
	objects = {

/* Begin PBXBuildFile section */
		B02363E12B23D71A00749762 /* SearchBuildingsView.swift in Sources */ = {isa = PBXBuildFile; fileRef = B02363E02B23D71A00749762 /* SearchBuildingsView.swift */; };
		B03CDC4F2B240C2A00993658 /* MapBuildingsView.swift in Sources */ = {isa = PBXBuildFile; fileRef = B03CDC4E2B240C2A00993658 /* MapBuildingsView.swift */; };
		B03CDC512B240C5A00993658 /* FavoritesBuildingsView.swift in Sources */ = {isa = PBXBuildFile; fileRef = B03CDC502B240C5A00993658 /* FavoritesBuildingsView.swift */; };
		B03CDC532B240C8200993658 /* InfoView.swift in Sources */ = {isa = PBXBuildFile; fileRef = B03CDC522B240C8200993658 /* InfoView.swift */; };
		B03CDC552B24F2FD00993658 /* FilterView.swift in Sources */ = {isa = PBXBuildFile; fileRef = B03CDC542B24F2FD00993658 /* FilterView.swift */; };
		B03CDC572B24FACE00993658 /* AmenitiesDataModel.swift in Sources */ = {isa = PBXBuildFile; fileRef = B03CDC562B24FACE00993658 /* AmenitiesDataModel.swift */; };
		B0481EB32B2246CB004BC15B /* regu0005_mad9137_final_projectApp.swift in Sources */ = {isa = PBXBuildFile; fileRef = B0481EB22B2246CB004BC15B /* regu0005_mad9137_final_projectApp.swift */; };
		B0481EB52B2246CB004BC15B /* ContentView.swift in Sources */ = {isa = PBXBuildFile; fileRef = B0481EB42B2246CB004BC15B /* ContentView.swift */; };
		B0481EB72B2246CD004BC15B /* Assets.xcassets in Resources */ = {isa = PBXBuildFile; fileRef = B0481EB62B2246CD004BC15B /* Assets.xcassets */; };
		B0481EBA2B2246CD004BC15B /* Preview Assets.xcassets in Resources */ = {isa = PBXBuildFile; fileRef = B0481EB92B2246CD004BC15B /* Preview Assets.xcassets */; };
		B0481EC42B224B57004BC15B /* NetworkMonitor.swift in Sources */ = {isa = PBXBuildFile; fileRef = B0481EC32B224B57004BC15B /* NetworkMonitor.swift */; };
		B0481EC62B224B73004BC15B /* SplashScreenView.swift in Sources */ = {isa = PBXBuildFile; fileRef = B0481EC52B224B73004BC15B /* SplashScreenView.swift */; };
		B0481EC82B224BD7004BC15B /* NetUI.swift in Sources */ = {isa = PBXBuildFile; fileRef = B0481EC72B224BD7004BC15B /* NetUI.swift */; };
		B0481ECA2B225C9A004BC15B /* HeroSectionView.swift in Sources */ = {isa = PBXBuildFile; fileRef = B0481EC92B225C9A004BC15B /* HeroSectionView.swift */; };
		B0481ECC2B225CA6004BC15B /* CategoriesScrollView.swift in Sources */ = {isa = PBXBuildFile; fileRef = B0481ECB2B225CA6004BC15B /* CategoriesScrollView.swift */; };
		B0481ECE2B225CB4004BC15B /* RandomBuildingsView.swift in Sources */ = {isa = PBXBuildFile; fileRef = B0481ECD2B225CB4004BC15B /* RandomBuildingsView.swift */; };
		B0481ED02B225CD7004BC15B /* BuildingsByAmenitiesView.swift in Sources */ = {isa = PBXBuildFile; fileRef = B0481ECF2B225CD7004BC15B /* BuildingsByAmenitiesView.swift */; };
		B0481ED32B225DAD004BC15B /* BuildingsDataModel.swift in Sources */ = {isa = PBXBuildFile; fileRef = B0481ED22B225DAD004BC15B /* BuildingsDataModel.swift */; };
		B0481ED52B225E00004BC15B /* CategoriesDataModel.swift in Sources */ = {isa = PBXBuildFile; fileRef = B0481ED42B225E00004BC15B /* CategoriesDataModel.swift */; };
		B0481ED72B225E26004BC15B /* LanguagesDataModel.swift in Sources */ = {isa = PBXBuildFile; fileRef = B0481ED62B225E26004BC15B /* LanguagesDataModel.swift */; };
		B05039112B22AA4900E87F23 /* PlaceUI.swift in Sources */ = {isa = PBXBuildFile; fileRef = B05039102B22AA4900E87F23 /* PlaceUI.swift */; };
		B08DAB252B2D29C400625A98 /* OthersView.swift in Sources */ = {isa = PBXBuildFile; fileRef = B08DAB242B2D29C400625A98 /* OthersView.swift */; };
		B08DAB272B2D305400625A98 /* AboutEventView.swift in Sources */ = {isa = PBXBuildFile; fileRef = B08DAB262B2D305400625A98 /* AboutEventView.swift */; };
		B08DAB292B2D35D100625A98 /* LanguageSettings.swift in Sources */ = {isa = PBXBuildFile; fileRef = B08DAB282B2D35D100625A98 /* LanguageSettings.swift */; };
		B08DAB2B2B2D490000625A98 /* BuildingsByCategoryView.swift in Sources */ = {isa = PBXBuildFile; fileRef = B08DAB2A2B2D490000625A98 /* BuildingsByCategoryView.swift */; };
		B0A982B22B2791990026E182 /* FavoritesManagerModel.swift in Sources */ = {isa = PBXBuildFile; fileRef = B0A982B12B2791990026E182 /* FavoritesManagerModel.swift */; };
		B0CAB0222B2685FB00131B31 /* BuildingDetailView.swift in Sources */ = {isa = PBXBuildFile; fileRef = B0CAB0212B2685FB00131B31 /* BuildingDetailView.swift */; };
		B0F1513D2B2E42FA0033C51D /* TruncateString.swift in Sources */ = {isa = PBXBuildFile; fileRef = B0F1513C2B2E42FA0033C51D /* TruncateString.swift */; };
		B0F500FB2B2BFD6900A58731 /* LocationManager.swift in Sources */ = {isa = PBXBuildFile; fileRef = B0F500FA2B2BFD6900A58731 /* LocationManager.swift */; };
/* End PBXBuildFile section */

/* Begin PBXFileReference section */
		B02363E02B23D71A00749762 /* SearchBuildingsView.swift */ = {isa = PBXFileReference; lastKnownFileType = sourcecode.swift; path = SearchBuildingsView.swift; sourceTree = "<group>"; };
		B03CDC4E2B240C2A00993658 /* MapBuildingsView.swift */ = {isa = PBXFileReference; lastKnownFileType = sourcecode.swift; path = MapBuildingsView.swift; sourceTree = "<group>"; };
		B03CDC502B240C5A00993658 /* FavoritesBuildingsView.swift */ = {isa = PBXFileReference; lastKnownFileType = sourcecode.swift; path = FavoritesBuildingsView.swift; sourceTree = "<group>"; };
		B03CDC522B240C8200993658 /* InfoView.swift */ = {isa = PBXFileReference; lastKnownFileType = sourcecode.swift; path = InfoView.swift; sourceTree = "<group>"; };
		B03CDC542B24F2FD00993658 /* FilterView.swift */ = {isa = PBXFileReference; lastKnownFileType = sourcecode.swift; path = FilterView.swift; sourceTree = "<group>"; };
		B03CDC562B24FACE00993658 /* AmenitiesDataModel.swift */ = {isa = PBXFileReference; lastKnownFileType = sourcecode.swift; path = AmenitiesDataModel.swift; sourceTree = "<group>"; };
		B0481EAF2B2246CB004BC15B /* regu0005-mad9137-final-project.app */ = {isa = PBXFileReference; explicitFileType = wrapper.application; includeInIndex = 0; path = "regu0005-mad9137-final-project.app"; sourceTree = BUILT_PRODUCTS_DIR; };
		B0481EB22B2246CB004BC15B /* regu0005_mad9137_final_projectApp.swift */ = {isa = PBXFileReference; lastKnownFileType = sourcecode.swift; path = regu0005_mad9137_final_projectApp.swift; sourceTree = "<group>"; };
		B0481EB42B2246CB004BC15B /* ContentView.swift */ = {isa = PBXFileReference; lastKnownFileType = sourcecode.swift; path = ContentView.swift; sourceTree = "<group>"; };
		B0481EB62B2246CD004BC15B /* Assets.xcassets */ = {isa = PBXFileReference; lastKnownFileType = folder.assetcatalog; path = Assets.xcassets; sourceTree = "<group>"; };
		B0481EB92B2246CD004BC15B /* Preview Assets.xcassets */ = {isa = PBXFileReference; lastKnownFileType = folder.assetcatalog; path = "Preview Assets.xcassets"; sourceTree = "<group>"; };
		B0481EC32B224B57004BC15B /* NetworkMonitor.swift */ = {isa = PBXFileReference; lastKnownFileType = sourcecode.swift; name = NetworkMonitor.swift; path = ../../../NetworkMonitor.swift; sourceTree = "<group>"; };
		B0481EC52B224B73004BC15B /* SplashScreenView.swift */ = {isa = PBXFileReference; lastKnownFileType = sourcecode.swift; path = SplashScreenView.swift; sourceTree = "<group>"; };
		B0481EC72B224BD7004BC15B /* NetUI.swift */ = {isa = PBXFileReference; lastKnownFileType = sourcecode.swift; path = NetUI.swift; sourceTree = "<group>"; };
		B0481EC92B225C9A004BC15B /* HeroSectionView.swift */ = {isa = PBXFileReference; lastKnownFileType = sourcecode.swift; path = HeroSectionView.swift; sourceTree = "<group>"; };
		B0481ECB2B225CA6004BC15B /* CategoriesScrollView.swift */ = {isa = PBXFileReference; lastKnownFileType = sourcecode.swift; path = CategoriesScrollView.swift; sourceTree = "<group>"; };
		B0481ECD2B225CB4004BC15B /* RandomBuildingsView.swift */ = {isa = PBXFileReference; lastKnownFileType = sourcecode.swift; path = RandomBuildingsView.swift; sourceTree = "<group>"; };
		B0481ECF2B225CD7004BC15B /* BuildingsByAmenitiesView.swift */ = {isa = PBXFileReference; lastKnownFileType = sourcecode.swift; path = BuildingsByAmenitiesView.swift; sourceTree = "<group>"; };
		B0481ED22B225DAD004BC15B /* BuildingsDataModel.swift */ = {isa = PBXFileReference; lastKnownFileType = sourcecode.swift; path = BuildingsDataModel.swift; sourceTree = "<group>"; };
		B0481ED42B225E00004BC15B /* CategoriesDataModel.swift */ = {isa = PBXFileReference; lastKnownFileType = sourcecode.swift; path = CategoriesDataModel.swift; sourceTree = "<group>"; };
		B0481ED62B225E26004BC15B /* LanguagesDataModel.swift */ = {isa = PBXFileReference; lastKnownFileType = sourcecode.swift; path = LanguagesDataModel.swift; sourceTree = "<group>"; };
		B05039102B22AA4900E87F23 /* PlaceUI.swift */ = {isa = PBXFileReference; lastKnownFileType = sourcecode.swift; path = PlaceUI.swift; sourceTree = "<group>"; };
		B08DAB242B2D29C400625A98 /* OthersView.swift */ = {isa = PBXFileReference; lastKnownFileType = sourcecode.swift; path = OthersView.swift; sourceTree = "<group>"; };
		B08DAB262B2D305400625A98 /* AboutEventView.swift */ = {isa = PBXFileReference; lastKnownFileType = sourcecode.swift; path = AboutEventView.swift; sourceTree = "<group>"; };
		B08DAB282B2D35D100625A98 /* LanguageSettings.swift */ = {isa = PBXFileReference; lastKnownFileType = sourcecode.swift; path = LanguageSettings.swift; sourceTree = "<group>"; };
		B08DAB2A2B2D490000625A98 /* BuildingsByCategoryView.swift */ = {isa = PBXFileReference; lastKnownFileType = sourcecode.swift; path = BuildingsByCategoryView.swift; sourceTree = "<group>"; };
		B0A982B12B2791990026E182 /* FavoritesManagerModel.swift */ = {isa = PBXFileReference; lastKnownFileType = sourcecode.swift; path = FavoritesManagerModel.swift; sourceTree = "<group>"; };
		B0CAB0212B2685FB00131B31 /* BuildingDetailView.swift */ = {isa = PBXFileReference; lastKnownFileType = sourcecode.swift; path = BuildingDetailView.swift; sourceTree = "<group>"; };
		B0F1513C2B2E42FA0033C51D /* TruncateString.swift */ = {isa = PBXFileReference; lastKnownFileType = sourcecode.swift; path = TruncateString.swift; sourceTree = "<group>"; };
		B0F500F92B2BFC4B00A58731 /* Info.plist */ = {isa = PBXFileReference; lastKnownFileType = text.plist; path = Info.plist; sourceTree = "<group>"; };
		B0F500FA2B2BFD6900A58731 /* LocationManager.swift */ = {isa = PBXFileReference; lastKnownFileType = sourcecode.swift; path = LocationManager.swift; sourceTree = "<group>"; };
/* End PBXFileReference section */

/* Begin PBXFrameworksBuildPhase section */
		B0481EAC2B2246CB004BC15B /* Frameworks */ = {
			isa = PBXFrameworksBuildPhase;
			buildActionMask = 2147483647;
			files = (
			);
			runOnlyForDeploymentPostprocessing = 0;
		};
/* End PBXFrameworksBuildPhase section */

/* Begin PBXGroup section */
		B0481EA62B2246CB004BC15B = {
			isa = PBXGroup;
			children = (
				B0481EB12B2246CB004BC15B /* regu0005-mad9137-final-project */,
				B0481EB02B2246CB004BC15B /* Products */,
			);
			sourceTree = "<group>";
		};
		B0481EB02B2246CB004BC15B /* Products */ = {
			isa = PBXGroup;
			children = (
				B0481EAF2B2246CB004BC15B /* regu0005-mad9137-final-project.app */,
			);
			name = Products;
			sourceTree = "<group>";
		};
		B0481EB12B2246CB004BC15B /* regu0005-mad9137-final-project */ = {
			isa = PBXGroup;
			children = (
				B0F500F92B2BFC4B00A58731 /* Info.plist */,
				B0666E402B27E0CD006C59EA /* Utils */,
				B0481ED12B225D86004BC15B /* Models */,
				B0481EC22B224B2B004BC15B /* Services */,
				B0481EC12B224B1F004BC15B /* Components */,
				B0481EC02B224B14004BC15B /* Pages */,
				B0481EB22B2246CB004BC15B /* regu0005_mad9137_final_projectApp.swift */,
				B0481EB42B2246CB004BC15B /* ContentView.swift */,
				B0481EC52B224B73004BC15B /* SplashScreenView.swift */,
				B0481EC72B224BD7004BC15B /* NetUI.swift */,
				B0481EB62B2246CD004BC15B /* Assets.xcassets */,
				B0481EB82B2246CD004BC15B /* Preview Content */,
			);
			path = "regu0005-mad9137-final-project";
			sourceTree = "<group>";
		};
		B0481EB82B2246CD004BC15B /* Preview Content */ = {
			isa = PBXGroup;
			children = (
				B0481EB92B2246CD004BC15B /* Preview Assets.xcassets */,
			);
			path = "Preview Content";
			sourceTree = "<group>";
		};
		B0481EC02B224B14004BC15B /* Pages */ = {
			isa = PBXGroup;
			children = (
				B02363E02B23D71A00749762 /* SearchBuildingsView.swift */,
				B03CDC4E2B240C2A00993658 /* MapBuildingsView.swift */,
				B03CDC502B240C5A00993658 /* FavoritesBuildingsView.swift */,
				B03CDC522B240C8200993658 /* InfoView.swift */,
				B0CAB0212B2685FB00131B31 /* BuildingDetailView.swift */,
				B08DAB242B2D29C400625A98 /* OthersView.swift */,
				B08DAB262B2D305400625A98 /* AboutEventView.swift */,
				B08DAB2A2B2D490000625A98 /* BuildingsByCategoryView.swift */,
			);
			path = Pages;
			sourceTree = "<group>";
		};
		B0481EC12B224B1F004BC15B /* Components */ = {
			isa = PBXGroup;
			children = (
				B0481EC92B225C9A004BC15B /* HeroSectionView.swift */,
				B0481ECB2B225CA6004BC15B /* CategoriesScrollView.swift */,
				B0481ECD2B225CB4004BC15B /* RandomBuildingsView.swift */,
				B0481ECF2B225CD7004BC15B /* BuildingsByAmenitiesView.swift */,
				B05039102B22AA4900E87F23 /* PlaceUI.swift */,
				B03CDC542B24F2FD00993658 /* FilterView.swift */,
			);
			path = Components;
			sourceTree = "<group>";
		};
		B0481EC22B224B2B004BC15B /* Services */ = {
			isa = PBXGroup;
			children = (
				B0481EC32B224B57004BC15B /* NetworkMonitor.swift */,
				B0F500FA2B2BFD6900A58731 /* LocationManager.swift */,
			);
			path = Services;
			sourceTree = "<group>";
		};
		B0481ED12B225D86004BC15B /* Models */ = {
			isa = PBXGroup;
			children = (
				B0481ED22B225DAD004BC15B /* BuildingsDataModel.swift */,
				B0481ED42B225E00004BC15B /* CategoriesDataModel.swift */,
				B0481ED62B225E26004BC15B /* LanguagesDataModel.swift */,
				B03CDC562B24FACE00993658 /* AmenitiesDataModel.swift */,
				B0A982B12B2791990026E182 /* FavoritesManagerModel.swift */,
			);
			path = Models;
			sourceTree = "<group>";
		};
		B0666E402B27E0CD006C59EA /* Utils */ = {
			isa = PBXGroup;
			children = (
				B08DAB282B2D35D100625A98 /* LanguageSettings.swift */,
				B0F1513C2B2E42FA0033C51D /* TruncateString.swift */,
			);
			path = Utils;
			sourceTree = "<group>";
		};
/* End PBXGroup section */

/* Begin PBXNativeTarget section */
		B0481EAE2B2246CB004BC15B /* regu0005-mad9137-final-project */ = {
			isa = PBXNativeTarget;
			buildConfigurationList = B0481EBD2B2246CD004BC15B /* Build configuration list for PBXNativeTarget "regu0005-mad9137-final-project" */;
			buildPhases = (
				B0481EAB2B2246CB004BC15B /* Sources */,
				B0481EAC2B2246CB004BC15B /* Frameworks */,
				B0481EAD2B2246CB004BC15B /* Resources */,
			);
			buildRules = (
			);
			dependencies = (
			);
			name = "regu0005-mad9137-final-project";
			productName = "regu0005-mad9137-final-project";
			productReference = B0481EAF2B2246CB004BC15B /* regu0005-mad9137-final-project.app */;
			productType = "com.apple.product-type.application";
		};
/* End PBXNativeTarget section */

/* Begin PBXProject section */
		B0481EA72B2246CB004BC15B /* Project object */ = {
			isa = PBXProject;
			attributes = {
				BuildIndependentTargetsInParallel = 1;
				LastSwiftUpdateCheck = 1500;
				LastUpgradeCheck = 1500;
				TargetAttributes = {
					B0481EAE2B2246CB004BC15B = {
						CreatedOnToolsVersion = 15.0;
					};
				};
			};
			buildConfigurationList = B0481EAA2B2246CB004BC15B /* Build configuration list for PBXProject "regu0005-mad9137-final-project" */;
			compatibilityVersion = "Xcode 14.0";
			developmentRegion = en;
			hasScannedForEncodings = 0;
			knownRegions = (
				en,
				Base,
			);
			mainGroup = B0481EA62B2246CB004BC15B;
			productRefGroup = B0481EB02B2246CB004BC15B /* Products */;
			projectDirPath = "";
			projectRoot = "";
			targets = (
				B0481EAE2B2246CB004BC15B /* regu0005-mad9137-final-project */,
			);
		};
/* End PBXProject section */

/* Begin PBXResourcesBuildPhase section */
		B0481EAD2B2246CB004BC15B /* Resources */ = {
			isa = PBXResourcesBuildPhase;
			buildActionMask = 2147483647;
			files = (
				B0481EBA2B2246CD004BC15B /* Preview Assets.xcassets in Resources */,
				B0481EB72B2246CD004BC15B /* Assets.xcassets in Resources */,
			);
			runOnlyForDeploymentPostprocessing = 0;
		};
/* End PBXResourcesBuildPhase section */

/* Begin PBXSourcesBuildPhase section */
		B0481EAB2B2246CB004BC15B /* Sources */ = {
			isa = PBXSourcesBuildPhase;
			buildActionMask = 2147483647;
			files = (
				B02363E12B23D71A00749762 /* SearchBuildingsView.swift in Sources */,
				B03CDC4F2B240C2A00993658 /* MapBuildingsView.swift in Sources */,
				B0481ED02B225CD7004BC15B /* BuildingsByAmenitiesView.swift in Sources */,
				B0481ED72B225E26004BC15B /* LanguagesDataModel.swift in Sources */,
				B03CDC552B24F2FD00993658 /* FilterView.swift in Sources */,
				B03CDC532B240C8200993658 /* InfoView.swift in Sources */,
				B0481EB52B2246CB004BC15B /* ContentView.swift in Sources */,
				B08DAB2B2B2D490000625A98 /* BuildingsByCategoryView.swift in Sources */,
				B0481ECE2B225CB4004BC15B /* RandomBuildingsView.swift in Sources */,
				B03CDC572B24FACE00993658 /* AmenitiesDataModel.swift in Sources */,
				B0F1513D2B2E42FA0033C51D /* TruncateString.swift in Sources */,
				B03CDC512B240C5A00993658 /* FavoritesBuildingsView.swift in Sources */,
				B0481EC42B224B57004BC15B /* NetworkMonitor.swift in Sources */,
				B0CAB0222B2685FB00131B31 /* BuildingDetailView.swift in Sources */,
				B08DAB252B2D29C400625A98 /* OthersView.swift in Sources */,
				B0481EC82B224BD7004BC15B /* NetUI.swift in Sources */,
				B0481EB32B2246CB004BC15B /* regu0005_mad9137_final_projectApp.swift in Sources */,
				B0F500FB2B2BFD6900A58731 /* LocationManager.swift in Sources */,
				B0481ECC2B225CA6004BC15B /* CategoriesScrollView.swift in Sources */,
				B05039112B22AA4900E87F23 /* PlaceUI.swift in Sources */,
				B0A982B22B2791990026E182 /* FavoritesManagerModel.swift in Sources */,
				B0481ED32B225DAD004BC15B /* BuildingsDataModel.swift in Sources */,
				B08DAB292B2D35D100625A98 /* LanguageSettings.swift in Sources */,
				B0481ECA2B225C9A004BC15B /* HeroSectionView.swift in Sources */,
				B0481ED52B225E00004BC15B /* CategoriesDataModel.swift in Sources */,
				B0481EC62B224B73004BC15B /* SplashScreenView.swift in Sources */,
				B08DAB272B2D305400625A98 /* AboutEventView.swift in Sources */,
			);
			runOnlyForDeploymentPostprocessing = 0;
		};
/* End PBXSourcesBuildPhase section */

/* Begin XCBuildConfiguration section */
		B0481EBB2B2246CD004BC15B /* Debug */ = {
			isa = XCBuildConfiguration;
			buildSettings = {
				ALWAYS_SEARCH_USER_PATHS = NO;
				ASSETCATALOG_COMPILER_GENERATE_SWIFT_ASSET_SYMBOL_EXTENSIONS = YES;
				CLANG_ANALYZER_NONNULL = YES;
				CLANG_ANALYZER_NUMBER_OBJECT_CONVERSION = YES_AGGRESSIVE;
				CLANG_CXX_LANGUAGE_STANDARD = "gnu++20";
				CLANG_ENABLE_MODULES = YES;
				CLANG_ENABLE_OBJC_ARC = YES;
				CLANG_ENABLE_OBJC_WEAK = YES;
				CLANG_WARN_BLOCK_CAPTURE_AUTORELEASING = YES;
				CLANG_WARN_BOOL_CONVERSION = YES;
				CLANG_WARN_COMMA = YES;
				CLANG_WARN_CONSTANT_CONVERSION = YES;
				CLANG_WARN_DEPRECATED_OBJC_IMPLEMENTATIONS = YES;
				CLANG_WARN_DIRECT_OBJC_ISA_USAGE = YES_ERROR;
				CLANG_WARN_DOCUMENTATION_COMMENTS = YES;
				CLANG_WARN_EMPTY_BODY = YES;
				CLANG_WARN_ENUM_CONVERSION = YES;
				CLANG_WARN_INFINITE_RECURSION = YES;
				CLANG_WARN_INT_CONVERSION = YES;
				CLANG_WARN_NON_LITERAL_NULL_CONVERSION = YES;
				CLANG_WARN_OBJC_IMPLICIT_RETAIN_SELF = YES;
				CLANG_WARN_OBJC_LITERAL_CONVERSION = YES;
				CLANG_WARN_OBJC_ROOT_CLASS = YES_ERROR;
				CLANG_WARN_QUOTED_INCLUDE_IN_FRAMEWORK_HEADER = YES;
				CLANG_WARN_RANGE_LOOP_ANALYSIS = YES;
				CLANG_WARN_STRICT_PROTOTYPES = YES;
				CLANG_WARN_SUSPICIOUS_MOVE = YES;
				CLANG_WARN_UNGUARDED_AVAILABILITY = YES_AGGRESSIVE;
				CLANG_WARN_UNREACHABLE_CODE = YES;
				CLANG_WARN__DUPLICATE_METHOD_MATCH = YES;
				COPY_PHASE_STRIP = NO;
				DEBUG_INFORMATION_FORMAT = dwarf;
				ENABLE_STRICT_OBJC_MSGSEND = YES;
				ENABLE_TESTABILITY = YES;
				ENABLE_USER_SCRIPT_SANDBOXING = YES;
				GCC_C_LANGUAGE_STANDARD = gnu17;
				GCC_DYNAMIC_NO_PIC = NO;
				GCC_NO_COMMON_BLOCKS = YES;
				GCC_OPTIMIZATION_LEVEL = 0;
				GCC_PREPROCESSOR_DEFINITIONS = (
					"DEBUG=1",
					"$(inherited)",
				);
				GCC_WARN_64_TO_32_BIT_CONVERSION = YES;
				GCC_WARN_ABOUT_RETURN_TYPE = YES_ERROR;
				GCC_WARN_UNDECLARED_SELECTOR = YES;
				GCC_WARN_UNINITIALIZED_AUTOS = YES_AGGRESSIVE;
				GCC_WARN_UNUSED_FUNCTION = YES;
				GCC_WARN_UNUSED_VARIABLE = YES;
				IPHONEOS_DEPLOYMENT_TARGET = 17.0;
				LOCALIZATION_PREFERS_STRING_CATALOGS = YES;
				MTL_ENABLE_DEBUG_INFO = INCLUDE_SOURCE;
				MTL_FAST_MATH = YES;
				ONLY_ACTIVE_ARCH = YES;
				SDKROOT = iphoneos;
				SWIFT_ACTIVE_COMPILATION_CONDITIONS = "DEBUG $(inherited)";
				SWIFT_OPTIMIZATION_LEVEL = "-Onone";
			};
			name = Debug;
		};
		B0481EBC2B2246CD004BC15B /* Release */ = {
			isa = XCBuildConfiguration;
			buildSettings = {
				ALWAYS_SEARCH_USER_PATHS = NO;
				ASSETCATALOG_COMPILER_GENERATE_SWIFT_ASSET_SYMBOL_EXTENSIONS = YES;
				CLANG_ANALYZER_NONNULL = YES;
				CLANG_ANALYZER_NUMBER_OBJECT_CONVERSION = YES_AGGRESSIVE;
				CLANG_CXX_LANGUAGE_STANDARD = "gnu++20";
				CLANG_ENABLE_MODULES = YES;
				CLANG_ENABLE_OBJC_ARC = YES;
				CLANG_ENABLE_OBJC_WEAK = YES;
				CLANG_WARN_BLOCK_CAPTURE_AUTORELEASING = YES;
				CLANG_WARN_BOOL_CONVERSION = YES;
				CLANG_WARN_COMMA = YES;
				CLANG_WARN_CONSTANT_CONVERSION = YES;
				CLANG_WARN_DEPRECATED_OBJC_IMPLEMENTATIONS = YES;
				CLANG_WARN_DIRECT_OBJC_ISA_USAGE = YES_ERROR;
				CLANG_WARN_DOCUMENTATION_COMMENTS = YES;
				CLANG_WARN_EMPTY_BODY = YES;
				CLANG_WARN_ENUM_CONVERSION = YES;
				CLANG_WARN_INFINITE_RECURSION = YES;
				CLANG_WARN_INT_CONVERSION = YES;
				CLANG_WARN_NON_LITERAL_NULL_CONVERSION = YES;
				CLANG_WARN_OBJC_IMPLICIT_RETAIN_SELF = YES;
				CLANG_WARN_OBJC_LITERAL_CONVERSION = YES;
				CLANG_WARN_OBJC_ROOT_CLASS = YES_ERROR;
				CLANG_WARN_QUOTED_INCLUDE_IN_FRAMEWORK_HEADER = YES;
				CLANG_WARN_RANGE_LOOP_ANALYSIS = YES;
				CLANG_WARN_STRICT_PROTOTYPES = YES;
				CLANG_WARN_SUSPICIOUS_MOVE = YES;
				CLANG_WARN_UNGUARDED_AVAILABILITY = YES_AGGRESSIVE;
				CLANG_WARN_UNREACHABLE_CODE = YES;
				CLANG_WARN__DUPLICATE_METHOD_MATCH = YES;
				COPY_PHASE_STRIP = NO;
				DEBUG_INFORMATION_FORMAT = "dwarf-with-dsym";
				ENABLE_NS_ASSERTIONS = NO;
				ENABLE_STRICT_OBJC_MSGSEND = YES;
				ENABLE_USER_SCRIPT_SANDBOXING = YES;
				GCC_C_LANGUAGE_STANDARD = gnu17;
				GCC_NO_COMMON_BLOCKS = YES;
				GCC_WARN_64_TO_32_BIT_CONVERSION = YES;
				GCC_WARN_ABOUT_RETURN_TYPE = YES_ERROR;
				GCC_WARN_UNDECLARED_SELECTOR = YES;
				GCC_WARN_UNINITIALIZED_AUTOS = YES_AGGRESSIVE;
				GCC_WARN_UNUSED_FUNCTION = YES;
				GCC_WARN_UNUSED_VARIABLE = YES;
				IPHONEOS_DEPLOYMENT_TARGET = 17.0;
				LOCALIZATION_PREFERS_STRING_CATALOGS = YES;
				MTL_ENABLE_DEBUG_INFO = NO;
				MTL_FAST_MATH = YES;
				SDKROOT = iphoneos;
				SWIFT_COMPILATION_MODE = wholemodule;
				VALIDATE_PRODUCT = YES;
			};
			name = Release;
		};
		B0481EBE2B2246CD004BC15B /* Debug */ = {
			isa = XCBuildConfiguration;
			buildSettings = {
				ASSETCATALOG_COMPILER_APPICON_NAME = AppIcon;
				ASSETCATALOG_COMPILER_GLOBAL_ACCENT_COLOR_NAME = AccentColor;
				CODE_SIGN_STYLE = Automatic;
				CURRENT_PROJECT_VERSION = 1;
				DEVELOPMENT_ASSET_PATHS = "\"regu0005-mad9137-final-project/Preview Content\"";
				DEVELOPMENT_TEAM = 92MS8TF83L;
				ENABLE_PREVIEWS = YES;
				GENERATE_INFOPLIST_FILE = YES;
				INFOPLIST_FILE = "regu0005-mad9137-final-project/Info.plist";
				INFOPLIST_KEY_CFBundleDisplayName = "Doors Open Ottawa";
				INFOPLIST_KEY_UIApplicationSceneManifest_Generation = YES;
				INFOPLIST_KEY_UIApplicationSupportsIndirectInputEvents = YES;
				INFOPLIST_KEY_UILaunchScreen_Generation = YES;
				INFOPLIST_KEY_UISupportedInterfaceOrientations_iPad = "UIInterfaceOrientationPortrait UIInterfaceOrientationPortraitUpsideDown UIInterfaceOrientationLandscapeLeft UIInterfaceOrientationLandscapeRight";
				INFOPLIST_KEY_UISupportedInterfaceOrientations_iPhone = "UIInterfaceOrientationPortrait UIInterfaceOrientationLandscapeLeft UIInterfaceOrientationLandscapeRight";
				LD_RUNPATH_SEARCH_PATHS = (
					"$(inherited)",
					"@executable_path/Frameworks",
				);
				MARKETING_VERSION = 1.0;
				PRODUCT_BUNDLE_IDENTIFIER = "mad9137.regu0005-mad9137-final-project";
				PRODUCT_NAME = "$(TARGET_NAME)";
				SWIFT_EMIT_LOC_STRINGS = YES;
				SWIFT_VERSION = 5.0;
				TARGETED_DEVICE_FAMILY = "1,2";
			};
			name = Debug;
		};
		B0481EBF2B2246CD004BC15B /* Release */ = {
			isa = XCBuildConfiguration;
			buildSettings = {
				ASSETCATALOG_COMPILER_APPICON_NAME = AppIcon;
				ASSETCATALOG_COMPILER_GLOBAL_ACCENT_COLOR_NAME = AccentColor;
				CODE_SIGN_STYLE = Automatic;
				CURRENT_PROJECT_VERSION = 1;
				DEVELOPMENT_ASSET_PATHS = "\"regu0005-mad9137-final-project/Preview Content\"";
				DEVELOPMENT_TEAM = 92MS8TF83L;
				ENABLE_PREVIEWS = YES;
				GENERATE_INFOPLIST_FILE = YES;
				INFOPLIST_FILE = "regu0005-mad9137-final-project/Info.plist";
				INFOPLIST_KEY_CFBundleDisplayName = "Doors Open Ottawa";
				INFOPLIST_KEY_UIApplicationSceneManifest_Generation = YES;
				INFOPLIST_KEY_UIApplicationSupportsIndirectInputEvents = YES;
				INFOPLIST_KEY_UILaunchScreen_Generation = YES;
				INFOPLIST_KEY_UISupportedInterfaceOrientations_iPad = "UIInterfaceOrientationPortrait UIInterfaceOrientationPortraitUpsideDown UIInterfaceOrientationLandscapeLeft UIInterfaceOrientationLandscapeRight";
				INFOPLIST_KEY_UISupportedInterfaceOrientations_iPhone = "UIInterfaceOrientationPortrait UIInterfaceOrientationLandscapeLeft UIInterfaceOrientationLandscapeRight";
				LD_RUNPATH_SEARCH_PATHS = (
					"$(inherited)",
					"@executable_path/Frameworks",
				);
				MARKETING_VERSION = 1.0;
				PRODUCT_BUNDLE_IDENTIFIER = "mad9137.regu0005-mad9137-final-project";
				PRODUCT_NAME = "$(TARGET_NAME)";
				SWIFT_EMIT_LOC_STRINGS = YES;
				SWIFT_VERSION = 5.0;
				TARGETED_DEVICE_FAMILY = "1,2";
			};
			name = Release;
		};
/* End XCBuildConfiguration section */

/* Begin XCConfigurationList section */
		B0481EAA2B2246CB004BC15B /* Build configuration list for PBXProject "regu0005-mad9137-final-project" */ = {
			isa = XCConfigurationList;
			buildConfigurations = (
				B0481EBB2B2246CD004BC15B /* Debug */,
				B0481EBC2B2246CD004BC15B /* Release */,
			);
			defaultConfigurationIsVisible = 0;
			defaultConfigurationName = Release;
		};
		B0481EBD2B2246CD004BC15B /* Build configuration list for PBXNativeTarget "regu0005-mad9137-final-project" */ = {
			isa = XCConfigurationList;
			buildConfigurations = (
				B0481EBE2B2246CD004BC15B /* Debug */,
				B0481EBF2B2246CD004BC15B /* Release */,
			);
			defaultConfigurationIsVisible = 0;
			defaultConfigurationName = Release;
		};
/* End XCConfigurationList section */
	};
	rootObject = B0481EA72B2246CB004BC15B /* Project object */;
}
